
Microsoft Visual Studio Solution File, Format Version 12.00
# Visual Studio Version 16
VisualStudioVersion = 16.0.30503.244
MinimumVisualStudioVersion = 10.0.40219.1
Project("{FAE04EC0-301F-11D3-BF4B-00C04F79EFBC}") = "ArticleList", "ArticleList\ArticleList.csproj", "{60C4D469-EB98-4A3F-9927-F468FDCBACB8}"
EndProject
Global
	GlobalSection(SolutionConfigurationPlatforms) = preSolution
		Debug|Any CPU = Debug|Any CPU
		Release|Any CPU = Release|Any CPU
	EndGlobalSection
	GlobalSection(ProjectConfigurationPlatforms) = postSolution
		{60C4D469-EB98-4A3F-9927-F468FDCBACB8}.Debug|Any CPU.ActiveCfg = Debug|Any CPU
		{60C4D469-EB98-4A3F-9927-F468FDCBACB8}.Debug|Any CPU.Build.0 = Debug|Any CPU
		{60C4D469-EB98-4A3F-9927-F468FDCBACB8}.Release|Any CPU.ActiveCfg = Release|Any CPU
		{60C4D469-EB98-4A3F-9927-F468FDCBACB8}.Release|Any CPU.Build.0 = Release|Any CPU
	EndGlobalSection
	GlobalSection(SolutionProperties) = preSolution
		HideSolutionNode = FALSE
	EndGlobalSection
	GlobalSection(ExtensibilityGlobals) = postSolution
		SolutionGuid = {F6C9FE23-0761-46EA-BF4E-BC42C308FE03}
	EndGlobalSection
EndGlobal
